// !$*UTF8*$!
{
	archiveVersion = 1;
	classes = {
	};
	objectVersion = 46;
	objects = {

/* Begin PBXBuildFile section */
		B93A8BF51E236248002B9CB7 /* main.m in Sources */ = {isa = PBXBuildFile; fileRef = B93A8BF41E236248002B9CB7 /* main.m */; };
		B93A8BF81E236248002B9CB7 /* AppDelegate.m in Sources */ = {isa = PBXBuildFile; fileRef = B93A8BF71E236248002B9CB7 /* AppDelegate.m */; };
		B93A8BFB1E236248002B9CB7 /* ViewController.m in Sources */ = {isa = PBXBuildFile; fileRef = B93A8BFA1E236248002B9CB7 /* ViewController.m */; };
		B93A8BFE1E236248002B9CB7 /* Main.storyboard in Resources */ = {isa = PBXBuildFile; fileRef = B93A8BFC1E236248002B9CB7 /* Main.storyboard */; };
		B93A8C001E236248002B9CB7 /* Assets.xcassets in Resources */ = {isa = PBXBuildFile; fileRef = B93A8BFF1E236248002B9CB7 /* Assets.xcassets */; };
		B93A8C031E236248002B9CB7 /* LaunchScreen.storyboard in Resources */ = {isa = PBXBuildFile; fileRef = B93A8C011E236248002B9CB7 /* LaunchScreen.storyboard */; };
		B93A8C0E1E236248002B9CB7 /* RunTimeDemoTests.m in Sources */ = {isa = PBXBuildFile; fileRef = B93A8C0D1E236248002B9CB7 /* RunTimeDemoTests.m */; };
		B93A8C191E236248002B9CB7 /* RunTimeDemoUITests.m in Sources */ = {isa = PBXBuildFile; fileRef = B93A8C181E236248002B9CB7 /* RunTimeDemoUITests.m */; };
		B93A8C2E1E237207002B9CB7 /* Person.m in Sources */ = {isa = PBXBuildFile; fileRef = B93A8C2D1E237207002B9CB7 /* Person.m */; };
/* End PBXBuildFile section */

/* Begin PBXContainerItemProxy section */
		B93A8C0A1E236248002B9CB7 /* PBXContainerItemProxy */ = {
			isa = PBXContainerItemProxy;
			containerPortal = B93A8BE81E236248002B9CB7 /* Project object */;
			proxyType = 1;
			remoteGlobalIDString = B93A8BEF1E236248002B9CB7;
			remoteInfo = RunTimeDemo;
		};
		B93A8C151E236248002B9CB7 /* PBXContainerItemProxy */ = {
			isa = PBXContainerItemProxy;
			containerPortal = B93A8BE81E236248002B9CB7 /* Project object */;
			proxyType = 1;
			remoteGlobalIDString = B93A8BEF1E236248002B9CB7;
			remoteInfo = RunTimeDemo;
		};
/* End PBXContainerItemProxy section */

/* Begin PBXFileReference section */
		B93A8BF01E236248002B9CB7 /* RunTimeDemo.app */ = {isa = PBXFileReference; explicitFileType = wrapper.application; includeInIndex = 0; path = RunTimeDemo.app; sourceTree = BUILT_PRODUCTS_DIR; };
		B93A8BF41E236248002B9CB7 /* main.m */ = {isa = PBXFileReference; lastKnownFileType = sourcecode.c.objc; path = main.m; sourceTree = "<group>"; };
		B93A8BF61E236248002B9CB7 /* AppDelegate.h */ = {isa = PBXFileReference; lastKnownFileType = sourcecode.c.h; path = AppDelegate.h; sourceTree = "<group>"; };
		B93A8BF71E236248002B9CB7 /* AppDelegate.m */ = {isa = PBXFileReference; lastKnownFileType = sourcecode.c.objc; path = AppDelegate.m; sourceTree = "<group>"; };
		B93A8BF91E236248002B9CB7 /* ViewController.h */ = {isa = PBXFileReference; lastKnownFileType = sourcecode.c.h; path = ViewController.h; sourceTree = "<group>"; };
		B93A8BFA1E236248002B9CB7 /* ViewController.m */ = {isa = PBXFileReference; lastKnownFileType = sourcecode.c.objc; path = ViewController.m; sourceTree = "<group>"; };
		B93A8BFD1E236248002B9CB7 /* Base */ = {isa = PBXFileReference; lastKnownFileType = file.storyboard; name = Base; path = Base.lproj/Main.storyboard; sourceTree = "<group>"; };
		B93A8BFF1E236248002B9CB7 /* Assets.xcassets */ = {isa = PBXFileReference; lastKnownFileType = folder.assetcatalog; path = Assets.xcassets; sourceTree = "<group>"; };
		B93A8C021E236248002B9CB7 /* Base */ = {isa = PBXFileReference; lastKnownFileType = file.storyboard; name = Base; path = Base.lproj/LaunchScreen.storyboard; sourceTree = "<group>"; };
		B93A8C041E236248002B9CB7 /* Info.plist */ = {isa = PBXFileReference; lastKnownFileType = text.plist.xml; path = Info.plist; sourceTree = "<group>"; };
		B93A8C091E236248002B9CB7 /* RunTimeDemoTests.xctest */ = {isa = PBXFileReference; explicitFileType = wrapper.cfbundle; includeInIndex = 0; path = RunTimeDemoTests.xctest; sourceTree = BUILT_PRODUCTS_DIR; };
		B93A8C0D1E236248002B9CB7 /* RunTimeDemoTests.m */ = {isa = PBXFileReference; lastKnownFileType = sourcecode.c.objc; path = RunTimeDemoTests.m; sourceTree = "<group>"; };
		B93A8C0F1E236248002B9CB7 /* Info.plist */ = {isa = PBXFileReference; lastKnownFileType = text.plist.xml; path = Info.plist; sourceTree = "<group>"; };
		B93A8C141E236248002B9CB7 /* RunTimeDemoUITests.xctest */ = {isa = PBXFileReference; explicitFileType = wrapper.cfbundle; includeInIndex = 0; path = RunTimeDemoUITests.xctest; sourceTree = BUILT_PRODUCTS_DIR; };
		B93A8C181E236248002B9CB7 /* RunTimeDemoUITests.m */ = {isa = PBXFileReference; lastKnownFileType = sourcecode.c.objc; path = RunTimeDemoUITests.m; sourceTree = "<group>"; };
		B93A8C1A1E236248002B9CB7 /* Info.plist */ = {isa = PBXFileReference; lastKnownFileType = text.plist.xml; path = Info.plist; sourceTree = "<group>"; };
		B93A8C2C1E237207002B9CB7 /* Person.h */ = {isa = PBXFileReference; fileEncoding = 4; lastKnownFileType = sourcecode.c.h; path = Person.h; sourceTree = "<group>"; };
		B93A8C2D1E237207002B9CB7 /* Person.m */ = {isa = PBXFileReference; fileEncoding = 4; lastKnownFileType = sourcecode.c.objc; path = Person.m; sourceTree = "<group>"; };
/* End PBXFileReference section */

/* Begin PBXFrameworksBuildPhase section */
		B93A8BED1E236248002B9CB7 /* Frameworks */ = {
			isa = PBXFrameworksBuildPhase;
			buildActionMask = 2147483647;
			files = (
			);
			runOnlyForDeploymentPostprocessing = 0;
		};
		B93A8C061E236248002B9CB7 /* Frameworks */ = {
			isa = PBXFrameworksBuildPhase;
			buildActionMask = 2147483647;
			files = (
			);
			runOnlyForDeploymentPostprocessing = 0;
		};
		B93A8C111E236248002B9CB7 /* Frameworks */ = {
			isa = PBXFrameworksBuildPhase;
			buildActionMask = 2147483647;
			files = (
			);
			runOnlyForDeploymentPostprocessing = 0;
		};
/* End PBXFrameworksBuildPhase section */

/* Begin PBXGroup section */
		B93A8BE71E236248002B9CB7 = {
			isa = PBXGroup;
			children = (
				B93A8BF21E236248002B9CB7 /* RunTimeDemo */,
				B93A8C0C1E236248002B9CB7 /* RunTimeDemoTests */,
				B93A8C171E236248002B9CB7 /* RunTimeDemoUITests */,
				B93A8BF11E236248002B9CB7 /* Products */,
			);
			sourceTree = "<group>";
		};
		B93A8BF11E236248002B9CB7 /* Products */ = {
			isa = PBXGroup;
			children = (
				B93A8BF01E236248002B9CB7 /* RunTimeDemo.app */,
				B93A8C091E236248002B9CB7 /* RunTimeDemoTests.xctest */,
				B93A8C141E236248002B9CB7 /* RunTimeDemoUITests.xctest */,
			);
			name = Products;
			sourceTree = "<group>";
		};
		B93A8BF21E236248002B9CB7 /* RunTimeDemo */ = {
			isa = PBXGroup;
			children = (
				B93A8BF61E236248002B9CB7 /* AppDelegate.h */,
				B93A8BF71E236248002B9CB7 /* AppDelegate.m */,
				B93A8BF91E236248002B9CB7 /* ViewController.h */,
				B93A8BFA1E236248002B9CB7 /* ViewController.m */,
				B93A8BFC1E236248002B9CB7 /* Main.storyboard */,
				B93A8BFF1E236248002B9CB7 /* Assets.xcassets */,
				B93A8C011E236248002B9CB7 /* LaunchScreen.storyboard */,
				B93A8C041E236248002B9CB7 /* Info.plist */,
				B93A8BF31E236248002B9CB7 /* Supporting Files */,
				B93A8C2C1E237207002B9CB7 /* Person.h */,
				B93A8C2D1E237207002B9CB7 /* Person.m */,
			);
			path = RunTimeDemo;
			sourceTree = "<group>";
		};
		B93A8BF31E236248002B9CB7 /* Supporting Files */ = {
			isa = PBXGroup;
			children = (
				B93A8BF41E236248002B9CB7 /* main.m */,
			);
			name = "Supporting Files";
			sourceTree = "<group>";
		};
		B93A8C0C1E236248002B9CB7 /* RunTimeDemoTests */ = {
			isa = PBXGroup;
			children = (
				B93A8C0D1E236248002B9CB7 /* RunTimeDemoTests.m */,
				B93A8C0F1E236248002B9CB7 /* Info.plist */,
			);
			path = RunTimeDemoTests;
			sourceTree = "<group>";
		};
		B93A8C171E236248002B9CB7 /* RunTimeDemoUITests */ = {
			isa = PBXGroup;
			children = (
				B93A8C181E236248002B9CB7 /* RunTimeDemoUITests.m */,
				B93A8C1A1E236248002B9CB7 /* Info.plist */,
			);
			path = RunTimeDemoUITests;
			sourceTree = "<group>";
		};
/* End PBXGroup section */

/* Begin PBXNativeTarget section */
		B93A8BEF1E236248002B9CB7 /* RunTimeDemo */ = {
			isa = PBXNativeTarget;
			buildConfigurationList = B93A8C1D1E236248002B9CB7 /* Build configuration list for PBXNativeTarget "RunTimeDemo" */;
			buildPhases = (
				B93A8BEC1E236248002B9CB7 /* Sources */,
				B93A8BED1E236248002B9CB7 /* Frameworks */,
				B93A8BEE1E236248002B9CB7 /* Resources */,
			);
			buildRules = (
			);
			dependencies = (
			);
			name = RunTimeDemo;
			productName = RunTimeDemo;
			productReference = B93A8BF01E236248002B9CB7 /* RunTimeDemo.app */;
			productType = "com.apple.product-type.application";
		};
		B93A8C081E236248002B9CB7 /* RunTimeDemoTests */ = {
			isa = PBXNativeTarget;
			buildConfigurationList = B93A8C201E236248002B9CB7 /* Build configuration list for PBXNativeTarget "RunTimeDemoTests" */;
			buildPhases = (
				B93A8C051E236248002B9CB7 /* Sources */,
				B93A8C061E236248002B9CB7 /* Frameworks */,
				B93A8C071E236248002B9CB7 /* Resources */,
			);
			buildRules = (
			);
			dependencies = (
				B93A8C0B1E236248002B9CB7 /* PBXTargetDependency */,
			);
			name = RunTimeDemoTests;
			productName = RunTimeDemoTests;
			productReference = B93A8C091E236248002B9CB7 /* RunTimeDemoTests.xctest */;
			productType = "com.apple.product-type.bundle.unit-test";
		};
		B93A8C131E236248002B9CB7 /* RunTimeDemoUITests */ = {
			isa = PBXNativeTarget;
			buildConfigurationList = B93A8C231E236248002B9CB7 /* Build configuration list for PBXNativeTarget "RunTimeDemoUITests" */;
			buildPhases = (
				B93A8C101E236248002B9CB7 /* Sources */,
				B93A8C111E236248002B9CB7 /* Frameworks */,
				B93A8C121E236248002B9CB7 /* Resources */,
			);
			buildRules = (
			);
			dependencies = (
				B93A8C161E236248002B9CB7 /* PBXTargetDependency */,
			);
			name = RunTimeDemoUITests;
			productName = RunTimeDemoUITests;
			productReference = B93A8C141E236248002B9CB7 /* RunTimeDemoUITests.xctest */;
			productType = "com.apple.product-type.bundle.ui-testing";
		};
/* End PBXNativeTarget section */

/* Begin PBXProject section */
		B93A8BE81E236248002B9CB7 /* Project object */ = {
			isa = PBXProject;
			attributes = {
				LastUpgradeCheck = 0810;
				ORGANIZATIONNAME = GTXD;
				TargetAttributes = {
					B93A8BEF1E236248002B9CB7 = {
						CreatedOnToolsVersion = 8.1;
						DevelopmentTeam = 4955MN9M7C;
						ProvisioningStyle = Automatic;
					};
					B93A8C081E236248002B9CB7 = {
						CreatedOnToolsVersion = 8.1;
						DevelopmentTeam = 4955MN9M7C;
						ProvisioningStyle = Automatic;
						TestTargetID = B93A8BEF1E236248002B9CB7;
					};
					B93A8C131E236248002B9CB7 = {
						CreatedOnToolsVersion = 8.1;
						DevelopmentTeam = 4955MN9M7C;
						ProvisioningStyle = Automatic;
						TestTargetID = B93A8BEF1E236248002B9CB7;
					};
				};
			};
			buildConfigurationList = B93A8BEB1E236248002B9CB7 /* Build configuration list for PBXProject "RunTimeDemo" */;
			compatibilityVersion = "Xcode 3.2";
			developmentRegion = English;
			hasScannedForEncodings = 0;
			knownRegions = (
				en,
				Base,
			);
			mainGroup = B93A8BE71E236248002B9CB7;
			productRefGroup = B93A8BF11E236248002B9CB7 /* Products */;
			projectDirPath = "";
			projectRoot = "";
			targets = (
				B93A8BEF1E236248002B9CB7 /* RunTimeDemo */,
				B93A8C081E236248002B9CB7 /* RunTimeDemoTests */,
				B93A8C131E236248002B9CB7 /* RunTimeDemoUITests */,
			);
		};
/* End PBXProject section */

/* Begin PBXResourcesBuildPhase section */
		B93A8BEE1E236248002B9CB7 /* Resources */ = {
			isa = PBXResourcesBuildPhase;
			buildActionMask = 2147483647;
			files = (
				B93A8C031E236248002B9CB7 /* LaunchScreen.storyboard in Resources */,
				B93A8C001E236248002B9CB7 /* Assets.xcassets in Resources */,
				B93A8BFE1E236248002B9CB7 /* Main.storyboard in Resources */,
			);
			runOnlyForDeploymentPostprocessing = 0;
		};
		B93A8C071E236248002B9CB7 /* Resources */ = {
			isa = PBXResourcesBuildPhase;
			buildActionMask = 2147483647;
			files = (
			);
			runOnlyForDeploymentPostprocessing = 0;
		};
		B93A8C121E236248002B9CB7 /* Resources */ = {
			isa = PBXResourcesBuildPhase;
			buildActionMask = 2147483647;
			files = (
			);
			runOnlyForDeploymentPostprocessing = 0;
		};
/* End PBXResourcesBuildPhase section */

/* Begin PBXSourcesBuildPhase section */
		B93A8BEC1E236248002B9CB7 /* Sources */ = {
			isa = PBXSourcesBuildPhase;
			buildActionMask = 2147483647;
			files = (
				B93A8BFB1E236248002B9CB7 /* ViewController.m in Sources */,
				B93A8BF81E236248002B9CB7 /* AppDelegate.m in Sources */,
				B93A8C2E1E237207002B9CB7 /* Person.m in Sources */,
				B93A8BF51E236248002B9CB7 /* main.m in Sources */,
			);
			runOnlyForDeploymentPostprocessing = 0;
		};
		B93A8C051E236248002B9CB7 /* Sources */ = {
			isa = PBXSourcesBuildPhase;
			buildActionMask = 2147483647;
			files = (
				B93A8C0E1E236248002B9CB7 /* RunTimeDemoTests.m in Sources */,
			);
			runOnlyForDeploymentPostprocessing = 0;
		};
		B93A8C101E236248002B9CB7 /* Sources */ = {
			isa = PBXSourcesBuildPhase;
			buildActionMask = 2147483647;
			files = (
				B93A8C191E236248002B9CB7 /* RunTimeDemoUITests.m in Sources */,
			);
			runOnlyForDeploymentPostprocessing = 0;
		};
/* End PBXSourcesBuildPhase section */

/* Begin PBXTargetDependency section */
		B93A8C0B1E236248002B9CB7 /* PBXTargetDependency */ = {
			isa = PBXTargetDependency;
			target = B93A8BEF1E236248002B9CB7 /* RunTimeDemo */;
			targetProxy = B93A8C0A1E236248002B9CB7 /* PBXContainerItemProxy */;
		};
		B93A8C161E236248002B9CB7 /* PBXTargetDependency */ = {
			isa = PBXTargetDependency;
			target = B93A8BEF1E236248002B9CB7 /* RunTimeDemo */;
			targetProxy = B93A8C151E236248002B9CB7 /* PBXContainerItemProxy */;
		};
/* End PBXTargetDependency section */

/* Begin PBXVariantGroup section */
		B93A8BFC1E236248002B9CB7 /* Main.storyboard */ = {
			isa = PBXVariantGroup;
			children = (
				B93A8BFD1E236248002B9CB7 /* Base */,
			);
			name = Main.storyboard;
			sourceTree = "<group>";
		};
		B93A8C011E236248002B9CB7 /* LaunchScreen.storyboard */ = {
			isa = PBXVariantGroup;
			children = (
				B93A8C021E236248002B9CB7 /* Base */,
			);
			name = LaunchScreen.storyboard;
			sourceTree = "<group>";
		};
/* End PBXVariantGroup section */

/* Begin XCBuildConfiguration section */
		B93A8C1B1E236248002B9CB7 /* Debug */ = {
			isa = XCBuildConfiguration;
			buildSettings = {
				ALWAYS_SEARCH_USER_PATHS = NO;
				CLANG_ANALYZER_NONNULL = YES;
				CLANG_CXX_LANGUAGE_STANDARD = "gnu++0x";
				CLANG_CXX_LIBRARY = "libc++";
				CLANG_ENABLE_MODULES = YES;
				CLANG_ENABLE_OBJC_ARC = YES;
				CLANG_WARN_BOOL_CONVERSION = YES;
				CLANG_WARN_CONSTANT_CONVERSION = YES;
				CLANG_WARN_DIRECT_OBJC_ISA_USAGE = YES_ERROR;
				CLANG_WARN_DOCUMENTATION_COMMENTS = YES;
				CLANG_WARN_EMPTY_BODY = YES;
				CLANG_WARN_ENUM_CONVERSION = YES;
				CLANG_WARN_INFINITE_RECURSION = YES;
				CLANG_WARN_INT_CONVERSION = YES;
				CLANG_WARN_OBJC_ROOT_CLASS = YES_ERROR;
				CLANG_WARN_SUSPICIOUS_MOVES = YES;
				CLANG_WARN_UNREACHABLE_CODE = YES;
				CLANG_WARN__DUPLICATE_METHOD_MATCH = YES;
				"CODE_SIGN_IDENTITY[sdk=iphoneos*]" = "iPhone Developer";
				COPY_PHASE_STRIP = NO;
				DEBUG_INFORMATION_FORMAT = dwarf;
				ENABLE_STRICT_OBJC_MSGSEND = YES;
				ENABLE_TESTABILITY = YES;
				GCC_C_LANGUAGE_STANDARD = gnu99;
				GCC_DYNAMIC_NO_PIC = NO;
				GCC_NO_COMMON_BLOCKS = YES;
				GCC_OPTIMIZATION_LEVEL = 0;
				GCC_PREPROCESSOR_DEFINITIONS = (
					"DEBUG=1",
					"$(inherited)",
				);
				GCC_WARN_64_TO_32_BIT_CONVERSION = YES;
				GCC_WARN_ABOUT_RETURN_TYPE = YES_ERROR;
				GCC_WARN_UNDECLARED_SELECTOR = YES;
				GCC_WARN_UNINITIALIZED_AUTOS = YES_AGGRESSIVE;
				GCC_WARN_UNUSED_FUNCTION = YES;
				GCC_WARN_UNUSED_VARIABLE = YES;
				IPHONEOS_DEPLOYMENT_TARGET = 10.1;
				MTL_ENABLE_DEBUG_INFO = YES;
				ONLY_ACTIVE_ARCH = YES;
				SDKROOT = iphoneos;
			};
			name = Debug;
		};
		B93A8C1C1E236248002B9CB7 /* Release */ = {
			isa = XCBuildConfiguration;
			buildSettings = {
				ALWAYS_SEARCH_USER_PATHS = NO;
				CLANG_ANALYZER_NONNULL = YES;
				CLANG_CXX_LANGUAGE_STANDARD = "gnu++0x";
				CLANG_CXX_LIBRARY = "libc++";
				CLANG_ENABLE_MODULES = YES;
				CLANG_ENABLE_OBJC_ARC = YES;
				CLANG_WARN_BOOL_CONVERSION = YES;
				CLANG_WARN_CONSTANT_CONVERSION = YES;
				CLANG_WARN_DIRECT_OBJC_ISA_USAGE = YES_ERROR;
				CLANG_WARN_DOCUMENTATION_COMMENTS = YES;
				CLANG_WARN_EMPTY_BODY = YES;
				CLANG_WARN_ENUM_CONVERSION = YES;
				CLANG_WARN_INFINITE_RECURSION = YES;
				CLANG_WARN_INT_CONVERSION = YES;
				CLANG_WARN_OBJC_ROOT_CLASS = YES_ERROR;
				CLANG_WARN_SUSPICIOUS_MOVES = YES;
				CLANG_WARN_UNREACHABLE_CODE = YES;
				CLANG_WARN__DUPLICATE_METHOD_MATCH = YES;
				"CODE_SIGN_IDENTITY[sdk=iphoneos*]" = "iPhone Developer";
				COPY_PHASE_STRIP = NO;
				DEBUG_INFORMATION_FORMAT = "dwarf-with-dsym";
				ENABLE_NS_ASSERTIONS = NO;
				ENABLE_STRICT_OBJC_MSGSEND = YES;
				GCC_C_LANGUAGE_STANDARD = gnu99;
				GCC_NO_COMMON_BLOCKS = YES;
				GCC_WARN_64_TO_32_BIT_CONVERSION = YES;
				GCC_WARN_ABOUT_RETURN_TYPE = YES_ERROR;
				GCC_WARN_UNDECLARED_SELECTOR = YES;
				GCC_WARN_UNINITIALIZED_AUTOS = YES_AGGRESSIVE;
				GCC_WARN_UNUSED_FUNCTION = YES;
				GCC_WARN_UNUSED_VARIABLE = YES;
				IPHONEOS_DEPLOYMENT_TARGET = 10.1;
				MTL_ENABLE_DEBUG_INFO = NO;
				SDKROOT = iphoneos;
				VALIDATE_PRODUCT = YES;
			};
			name = Release;
		};
		B93A8C1E1E236248002B9CB7 /* Debug */ = {
			isa = XCBuildConfiguration;
			buildSettings = {
				ASSETCATALOG_COMPILER_APPICON_NAME = AppIcon;
				DEVELOPMENT_TEAM = 4955MN9M7C;
				INFOPLIST_FILE = RunTimeDemo/Info.plist;
				LD_RUNPATH_SEARCH_PATHS = "$(inherited) @executable_path/Frameworks";
				PRODUCT_BUNDLE_IDENTIFIER = com.jinding.RunTimeDemo;
				PRODUCT_NAME = "$(TARGET_NAME)";
			};
			name = Debug;
		};
		B93A8C1F1E236248002B9CB7 /* Release */ = {
			isa = XCBuildConfiguration;
			buildSettings = {
				ASSETCATALOG_COMPILER_APPICON_NAME = AppIcon;
				DEVELOPMENT_TEAM = 4955MN9M7C;
				INFOPLIST_FILE = RunTimeDemo/Info.plist;
				LD_RUNPATH_SEARCH_PATHS = "$(inherited) @executable_path/Frameworks";
				PRODUCT_BUNDLE_IDENTIFIER = com.jinding.RunTimeDemo;
				PRODUCT_NAME = "$(TARGET_NAME)";
			};
			name = Release;
		};
		B93A8C211E236248002B9CB7 /* Debug */ = {
			isa = XCBuildConfiguration;
			buildSettings = {
				BUNDLE_LOADER = "$(TEST_HOST)";
				DEVELOPMENT_TEAM = 4955MN9M7C;
				INFOPLIST_FILE = RunTimeDemoTests/Info.plist;
				LD_RUNPATH_SEARCH_PATHS = "$(inherited) @executable_path/Frameworks @loader_path/Frameworks";
				PRODUCT_BUNDLE_IDENTIFIER = com.jinding.RunTimeDemoTests;
				PRODUCT_NAME = "$(TARGET_NAME)";
				TEST_HOST = "$(BUILT_PRODUCTS_DIR)/RunTimeDemo.app/RunTimeDemo";
			};
			name = Debug;
		};
		B93A8C221E236248002B9CB7 /* Release */ = {
			isa = XCBuildConfiguration;
			buildSettings = {
				BUNDLE_LOADER = "$(TEST_HOST)";
				DEVELOPMENT_TEAM = 4955MN9M7C;
				INFOPLIST_FILE = RunTimeDemoTests/Info.plist;
				LD_RUNPATH_SEARCH_PATHS = "$(inherited) @executable_path/Frameworks @loader_path/Frameworks";
				PRODUCT_BUNDLE_IDENTIFIER = com.jinding.RunTimeDemoTests;
				PRODUCT_NAME = "$(TARGET_NAME)";
				TEST_HOST = "$(BUILT_PRODUCTS_DIR)/RunTimeDemo.app/RunTimeDemo";
			};
			name = Release;
		};
		B93A8C241E236248002B9CB7 /* Debug */ = {
			isa = XCBuildConfiguration;
			buildSettings = {
				DEVELOPMENT_TEAM = 4955MN9M7C;
				INFOPLIST_FILE = RunTimeDemoUITests/Info.plist;
				LD_RUNPATH_SEARCH_PATHS = "$(inherited) @executable_path/Frameworks @loader_path/Frameworks";
				PRODUCT_BUNDLE_IDENTIFIER = com.jinding.RunTimeDemoUITests;
				PRODUCT_NAME = "$(TARGET_NAME)";
				TEST_TARGET_NAME = RunTimeDemo;
			};
			name = Debug;
		};
		B93A8C251E236248002B9CB7 /* Release */ = {
			isa = XCBuildConfiguration;
			buildSettings = {
				DEVELOPMENT_TEAM = 4955MN9M7C;
				INFOPLIST_FILE = RunTimeDemoUITests/Info.plist;
				LD_RUNPATH_SEARCH_PATHS = "$(inherited) @executable_path/Frameworks @loader_path/Frameworks";
				PRODUCT_BUNDLE_IDENTIFIER = com.jinding.RunTimeDemoUITests;
				PRODUCT_NAME = "$(TARGET_NAME)";
				TEST_TARGET_NAME = RunTimeDemo;
			};
			name = Release;
		};
/* End XCBuildConfiguration section */

/* Begin XCConfigurationList section */
		B93A8BEB1E236248002B9CB7 /* Build configuration list for PBXProject "RunTimeDemo" */ = {
			isa = XCConfigurationList;
			buildConfigurations = (
				B93A8C1B1E236248002B9CB7 /* Debug */,
				B93A8C1C1E236248002B9CB7 /* Release */,
			);
			defaultConfigurationIsVisible = 0;
			defaultConfigurationName = Release;
		};
		B93A8C1D1E236248002B9CB7 /* Build configuration list for PBXNativeTarget "RunTimeDemo" */ = {
			isa = XCConfigurationList;
			buildConfigurations = (
				B93A8C1E1E236248002B9CB7 /* Debug */,
				B93A8C1F1E236248002B9CB7 /* Release */,
			);
			defaultConfigurationIsVisible = 0;
		};
		B93A8C201E236248002B9CB7 /* Build configuration list for PBXNativeTarget "RunTimeDemoTests" */ = {
			isa = XCConfigurationList;
			buildConfigurations = (
				B93A8C211E236248002B9CB7 /* Debug */,
				B93A8C221E236248002B9CB7 /* Release */,
			);
			defaultConfigurationIsVisible = 0;
		};
		B93A8C231E236248002B9CB7 /* Build configuration list for PBXNativeTarget "RunTimeDemoUITests" */ = {
			isa = XCConfigurationList;
			buildConfigurations = (
				B93A8C241E236248002B9CB7 /* Debug */,
				B93A8C251E236248002B9CB7 /* Release */,
			);
			defaultConfigurationIsVisible = 0;
		};
/* End XCConfigurationList section */
	};
	rootObject = B93A8BE81E236248002B9CB7 /* Project object */;
}
